<?xml version="1.0" encoding="utf-8"?>
<Project ToolsVersion="4.0" xmlns="http://schemas.microsoft.com/developer/msbuild/2003">
  <ItemGroup>
    <Filter Include="Исходные файлы">
      <UniqueIdentifier>{4FC737F1-C7A5-4376-A066-2A32D752A2FF}</UniqueIdentifier>
      <Extensions>cpp;c;cc;cxx;def;odl;idl;hpj;bat;asm;asmx</Extensions>
    </Filter>
    <Filter Include="Файлы заголовков">
      <UniqueIdentifier>{93995380-89BD-4b04-88EB-625FBE52EBFB}</UniqueIdentifier>
      <Extensions>h;hh;hpp;hxx;hm;inl;inc;ipp;xsd</Extensions>
    </Filter>
    <Filter Include="Файлы ресурсов">
      <UniqueIdentifier>{67DA6AB6-F800-4c08-8B7A-83BB121AAD01}</UniqueIdentifier>
      <Extensions>rc;ico;cur;bmp;dlg;rc2;rct;bin;rgs;gif;jpg;jpeg;jpe;resx;tiff;tif;png;wav;mfcribbon-ms</Extensions>
    </Filter>
    <Filter Include="Исходные файлы\control_element">
      <UniqueIdentifier>{17d260cc-08c0-4213-b63b-400710440895}</UniqueIdentifier>
    </Filter>
    <Filter Include="Исходные файлы\window">
      <UniqueIdentifier>{ce02989e-5383-4dff-bfa4-ebb8ed9b60cb}</UniqueIdentifier>
    </Filter>
    <Filter Include="Исходные файлы\primitives">
      <UniqueIdentifier>{2d238724-7b23-4ad4-871f-caec7f45aad7}</UniqueIdentifier>
    </Filter>
    <Filter Include="Исходные файлы\canvas">
      <UniqueIdentifier>{aff49dd2-72e6-4e79-8ff8-e54d96835f08}</UniqueIdentifier>
    </Filter>
    <Filter Include="Исходные файлы\viewport">
      <UniqueIdentifier>{03693def-35ca-4918-859a-d0e620912f97}</UniqueIdentifier>
    </Filter>
    <Filter Include="Исходные файлы\viewport\scroll">
      <UniqueIdentifier>{242e737e-4cab-465c-8222-425112489911}</UniqueIdentifier>
    </Filter>
    <Filter Include="Исходные файлы\color_scheme">
      <UniqueIdentifier>{26a923f7-1cfc-4303-8abd-66dce5913070}</UniqueIdentifier>
    </Filter>
    <Filter Include="Исходные файлы\Editor">
      <UniqueIdentifier>{5b8f74e6-787e-4f33-ba72-4be61961c843}</UniqueIdentifier>
    </Filter>
    <Filter Include="Исходные файлы\window\main-window">
      <UniqueIdentifier>{948457e1-0ae6-4bc9-8f19-e5ee4da1a390}</UniqueIdentifier>
    </Filter>
    <Filter Include="Исходные файлы\toolbar">
      <UniqueIdentifier>{3a673795-f807-4d0c-9239-acb39729a32f}</UniqueIdentifier>
    </Filter>
    <Filter Include="Исходные файлы\tools">
      <UniqueIdentifier>{0d09ff5f-540f-44b8-88be-1c3672934b4b}</UniqueIdentifier>
    </Filter>
  </ItemGroup>
  <ItemGroup>
    <ClInclude Include="control_elements\button.h">
      <Filter>Исходные файлы\control_element</Filter>
    </ClInclude>
    <ClInclude Include="control_elements\dropDownList.h">
      <Filter>Исходные файлы\control_element</Filter>
    </ClInclude>
    <ClInclude Include="control_elements\input.h">
      <Filter>Исходные файлы\control_element</Filter>
    </ClInclude>
    <ClInclude Include="control_elements\itemList.h">
      <Filter>Исходные файлы\control_element</Filter>
    </ClInclude>
    <ClInclude Include="control_elements\label.h">
      <Filter>Исходные файлы\control_element</Filter>
    </ClInclude>
    <ClInclude Include="control_elements\textField.h">
      <Filter>Исходные файлы\control_element</Filter>
    </ClInclude>
    <ClInclude Include="control_elements\base_control.h">
      <Filter>Исходные файлы\control_element</Filter>
    </ClInclude>
    <ClInclude Include="primitives\primitives.h">
      <Filter>Исходные файлы\primitives</Filter>
    </ClInclude>
    <ClInclude Include="viewport\viewport.h">
      <Filter>Исходные файлы\viewport</Filter>
    </ClInclude>
    <ClInclude Include="canvas\canvas.h">
      <Filter>Исходные файлы\canvas</Filter>
    </ClInclude>
    <ClInclude Include="color_scheme\color.h">
      <Filter>Исходные файлы\color_scheme</Filter>
    </ClInclude>
    <ClInclude Include="window\window.h">
      <Filter>Исходные файлы\window</Filter>
    </ClInclude>
    <ClInclude Include="Editor\editor.h">
      <Filter>Исходные файлы\Editor</Filter>
    </ClInclude>
    <ClInclude Include="window\window_main\main-window.h">
      <Filter>Исходные файлы\window\main-window</Filter>
    </ClInclude>
    <ClInclude Include="toolbar\toolbar.h">
      <Filter>Исходные файлы\toolbar</Filter>
    </ClInclude>
    <ClInclude Include="tools\tool.h">
      <Filter>Исходные файлы\tools</Filter>
    </ClInclude>
    <ClInclude Include="control_elements\VScroll.h">
      <Filter>Исходные файлы\control_element</Filter>
    </ClInclude>
    <ClInclude Include="viewport\v_view_scroll.h">
      <Filter>Исходные файлы\viewport\scroll</Filter>
    </ClInclude>
    <ClInclude Include="control_elements\HScroll.h">
      <Filter>Исходные файлы\control_element</Filter>
    </ClInclude>
    <ClInclude Include="viewport\h_view_scroll.h">
      <Filter>Исходные файлы\viewport\scroll</Filter>
    </ClInclude>
    <ClInclude Include="control_elements\scroll.h">
      <Filter>Исходные файлы\control_element</Filter>
    </ClInclude>
  </ItemGroup>
  <ItemGroup>
    <ClCompile Include="control_elements\button.cpp">
      <Filter>Исходные файлы\control_element</Filter>
    </ClCompile>
    <ClCompile Include="control_elements\dropDownList.cpp">
      <Filter>Исходные файлы\control_element</Filter>
    </ClCompile>
    <ClCompile Include="control_elements\input.cpp">
      <Filter>Исходные файлы\control_element</Filter>
    </ClCompile>
    <ClCompile Include="control_elements\itemList.cpp">
      <Filter>Исходные файлы\control_element</Filter>
    </ClCompile>
    <ClCompile Include="control_elements\label.cpp">
      <Filter>Исходные файлы\control_element</Filter>
    </ClCompile>
    <ClCompile Include="control_elements\textField.cpp">
      <Filter>Исходные файлы\control_element</Filter>
    </ClCompile>
    <ClCompile Include="main.cpp">
      <Filter>Исходные файлы</Filter>
    </ClCompile>
    <ClCompile Include="control_elements\base_control.cpp">
      <Filter>Исходные файлы\control_element</Filter>
    </ClCompile>
    <ClCompile Include="primitives\primitives.cpp">
      <Filter>Исходные файлы\primitives</Filter>
    </ClCompile>
    <ClCompile Include="viewport\viewport.cpp">
      <Filter>Исходные файлы\viewport</Filter>
    </ClCompile>
    <ClCompile Include="viewport\viewport_events.cpp">
      <Filter>Исходные файлы\viewport</Filter>
    </ClCompile>
    <ClCompile Include="canvas\canvas.cpp">
      <Filter>Исходные файлы\canvas</Filter>
    </ClCompile>
    <ClCompile Include="canvas\canvas_event.cpp">
      <Filter>Исходные файлы\canvas</Filter>
    </ClCompile>
    <ClCompile Include="color_scheme\color.cpp">
      <Filter>Исходные файлы\color_scheme</Filter>
    </ClCompile>
    <ClCompile Include="window\window.cpp">
      <Filter>Исходные файлы\window</Filter>
    </ClCompile>
    <ClCompile Include="Editor\editor.cpp">
      <Filter>Исходные файлы\Editor</Filter>
    </ClCompile>
    <ClCompile Include="Editor\editor_event.cpp">
      <Filter>Исходные файлы\Editor</Filter>
    </ClCompile>
    <ClCompile Include="window\window_event.cpp">
      <Filter>Исходные файлы\window</Filter>
    </ClCompile>
    <ClCompile Include="window\window_main\main-window.cpp">
      <Filter>Исходные файлы\window\main-window</Filter>
    </ClCompile>
    <ClCompile Include="window\window_main\main-window_event.cpp">
      <Filter>Исходные файлы\window\main-window</Filter>
    </ClCompile>
    <ClCompile Include="toolbar\toolbar.cpp">
      <Filter>Исходные файлы\toolbar</Filter>
    </ClCompile>
    <ClCompile Include="tools\tool.cpp">
      <Filter>Исходные файлы\tools</Filter>
    </ClCompile>
    <ClCompile Include="control_elements\VScroll.cpp">
      <Filter>Исходные файлы\control_element</Filter>
    </ClCompile>
    <ClCompile Include="viewport\v_view_scroll.cpp">
      <Filter>Исходные файлы\viewport\scroll</Filter>
    </ClCompile>
    <ClCompile Include="control_elements\HScroll.cpp">
      <Filter>Исходные файлы\control_element</Filter>
    </ClCompile>
    <ClCompile Include="viewport\h_view_scroll.cpp">
      <Filter>Исходные файлы</Filter>
    </ClCompile>
    <ClCompile Include="control_elements\scroll.cpp">
      <Filter>Исходные файлы\control_element</Filter>
    </ClCompile>
  </ItemGroup>
</Project>